<Solution>
  <Folder Name="/Dependencies/">
    <Project Path="libs/EV/EV/EV.csproj" Id="e1841eae-4155-4d8a-8dd6-58388d9ecc22" />
    <Project Path="libs/EV/EVTests/EVTests.csproj" Id="c857cd70-a9db-466c-8bc0-211d7db97b48" />
  </Folder>
  <Folder Name="/Dependencies/ChargingStation/">
    <Project Path="libs/ChargingStation/ChargingStation/ChargingStation.csproj" />
    <Project Path="libs/ChargingStation/ChargingStationTests/ChargingStationTests.csproj" />
  </Folder>
  <Folder Name="/Dependencies/LocalController/">
    <Project Path="libs/LocalController/LocalController/LocalController.csproj" />
    <Project Path="libs/LocalController/LocalControllerTests/LocalControllerTests.csproj" />
  </Folder>
  <Folder Name="/Dependencies/CSMS/">
    <Project Path="libs/CSMS/CSMS/CSMS.csproj" />
    <Project Path="libs/CSMS/CSMSTests/CSMSTests.csproj" />
  </Folder>
  <Folder Name="/Dependencies/EMSP/">
    <Project Path="libs/EMSP/EMSP/EMSP.csproj" />
    <Project Path="libs/EMSP/EMSPTests/EMSPTests.csproj" />
  </Folder>
  <Folder Name="/Dependencies/OCPI/">
    <Project Path="libs/WWCP_OCPI/WWCP_OCPI_Common/WWCP_OCPI_Common.csproj" />
    <Project Path="libs/WWCP_OCPI/WWCP_OCPIv2.1.1/WWCP_OCPIv2.1.1.csproj" />
    <Project Path="libs/WWCP_OCPI/WWCP_OCPIv2.2.1/WWCP_OCPIv2.2.1.csproj" />
    <Project Path="libs/WWCP_OCPI/WWCP_OCPIv2.3.0/WWCP_OCPIv2.3.0.csproj" />
  </Folder>
  <Folder Name="/Dependencies/ISO15118/">
    <Project Path="libs/WWCP_ISO15118/WWCP_ISO15118_2/WWCP_ISO15118_2.csproj" />
    <Project Path="libs/WWCP_ISO15118/WWCP_ISO15118_20.AC/WWCP_ISO15118_20.AC.csproj" />
    <Project Path="libs/WWCP_ISO15118/WWCP_ISO15118_20.ACDP/WWCP_ISO15118_20.ACDP.csproj" />
    <Project Path="libs/WWCP_ISO15118/WWCP_ISO15118_20.AC_DER_IEC/WWCP_ISO15118_20.AC_DER_IEC.csproj" />
    <Project Path="libs/WWCP_ISO15118/WWCP_ISO15118_20.AC_DER_SAE/WWCP_ISO15118_20.AC_DER_SAE.csproj" />
    <Project Path="libs/WWCP_ISO15118/WWCP_ISO15118_20.CommonMessages/WWCP_ISO15118_20.CommonMessages.csproj" />
    <Project Path="libs/WWCP_ISO15118/WWCP_ISO15118_20.DC/WWCP_ISO15118_20.DC.csproj" />
    <Project Path="libs/WWCP_ISO15118/WWCP_ISO15118_20.WPT/WWCP_ISO15118_20.WPT.csproj" />
    <Project Path="libs/WWCP_ISO15118/WWCP_ISO15118_EVCC/WWCP_ISO15118_EVCC.csproj" />
    <Project Path="libs/WWCP_ISO15118/WWCP_ISO15118_EXI/WWCP_ISO15118_EXI.csproj" />
    <Project Path="libs/WWCP_ISO15118/WWCP_ISO15118_EXI_Dispatch/WWCP_ISO15118_EXI_Dispatch.csproj" />
    <Project Path="libs/WWCP_ISO15118/WWCP_ISO15118_EXI_SourceGenerator/WWCP_ISO15118_EXI_SourceGenerator.csproj" />
    <Project Path="libs/WWCP_ISO15118/WWCP_ISO15118_EXI_Tests/WWCP_ISO15118_EXI_Tests.csproj" />
    <Project Path="libs/WWCP_ISO15118/WWCP_ISO15118_NetworkInterfaces/WWCP_ISO15118_NetworkInterfaces.csproj" />
    <Project Path="libs/WWCP_ISO15118/WWCP_ISO15118_PKI/WWCP_ISO15118_PKIBuilder/WWCP_ISO15118_PKIBuilder.csproj" />
    <Project Path="libs/WWCP_ISO15118/WWCP_ISO15118_PKI/WWCP_ISO15118_PKIBuilderTests/WWCP_ISO15118_PKIBuilderTests.csproj" />
    <Project Path="libs/WWCP_ISO15118/WWCP_ISO15118_SDP/WWCP_ISO15118_SDP.csproj" />
    <Project Path="libs/WWCP_ISO15118/WWCP_ISO15118_SDP_Tests/WWCP_ISO15118_SDP_Tests.csproj" />
    <Project Path="libs/WWCP_ISO15118/WWCP_ISO15118_Session/WWCP_ISO15118_Session.csproj" />
    <Project Path="libs/WWCP_ISO15118/WWCP_ISO15118_Session_Tests/WWCP_ISO15118_Session_Tests.csproj" />
    <Project Path="libs/WWCP_ISO15118/WWCP_ISO15118_SharedCC/WWCP_ISO15118_SharedCC.csproj" />
    <Project Path="libs/WWCP_ISO15118/WWCP_ISO15118_SLAC/WWCP_ISO15118_SLAC.csproj" />
    <Project Path="libs/WWCP_ISO15118/WWCP_ISO15118_SLAC_Tests/WWCP_ISO15118_SLAC_Tests.csproj" />
    <Project Path="libs/WWCP_ISO15118/WWCP_ISO15118_T1S/WWCP_ISO15118_T1S.csproj" />
    <Project Path="libs/WWCP_ISO15118/WWCP_ISO15118_T1S_Tests/WWCP_ISO15118_T1S_Tests.csproj" />
    <Project Path="libs/WWCP_ISO15118/WWCP_ISO15118_V2GTP/WWCP_ISO15118_V2GTP.csproj" />
    <Project Path="libs/WWCP_ISO15118/WWCP_ISO15118_V2GTP_Tests/WWCP_ISO15118_V2GTP_Tests.csproj" />
    <Project Path="libs/WWCP_ISO15118/WWCP_ISO15118_XMLDSig/WWCP_ISO15118_XMLDSig.csproj" />
  </Folder>
  <Folder Name="/Dependencies/Vanaheimr/">
    <Project Path="libs/Hermod/Hermod/Hermod.csproj" />
    <Project Path="libs/Hermod/HermodTests/HermodTests.csproj" />
    <Project Path="libs/Styx/Styx/Styx.csproj" />
    <Project Path="libs/Styx/StyxTests/StyxTests.csproj" />
  </Folder>
  <Folder Name="/Dependencies/Vanaheimr/Norn/">
    <Project Path="libs/Norn/Norn/Norn.csproj" />
    <Project Path="libs/Norn/NornTests/NornTests.csproj" />
  </Folder>
  <Folder Name="/Dependencies/Vanaheimr/Urdr/">
    <Project Path="libs/Urdr/Urdr/Urdr.csproj" />
    <Project Path="libs/Urdr/UrdrTests/UrdrTests.csproj" />
  </Folder>
  <Project Path="EVChargingTestEnvironment/EVChargingTestEnvironment.csproj" />
</Solution>
